github.com/draffensperger/golp v0.0.0-20250401135005-5f2a34ee2015 h1:AOljHnNqLk2HE8gUyBAGEsMEkySl6ipr/A2OE4BEzaQ=
github.com/draffensperger/golp v0.0.0-20250401135005-5f2a34ee2015/go.mod h1:/TbDI9zua4CTUs81AOyDxnKAuvXX/SmOjonijHadP+k=
gonum.org/v1/gonum v0.16.0 h1:5+ul4Swaf3ESvrOnidPp4GZbzf0mxVQpDCYUQE7OJfk=
gonum.org/v1/gonum v0.16.0/go.mod h1:fef3am4MQ93R2HHpKnLk4/Tbh/s0+wqD5nfa6Pnwy4E=
